{
    "format_version": "0.1",
    "terraform_version": "0.12.29",
    "variables": {
        "check": {
            "value": "public-read-write"
        }
    },
    "planned_values": {
        "outputs": {
            "ips": {
                "sensitive": false
            },
            "private_addresses_new": {
                "sensitive": false
            },
            "private_addresses_old": {
                "sensitive": false
            }
        },
        "root_module": {
            "resources": [
                {
                    "address": "aws_instance.ubuntu[0]",
                    "mode": "managed",
                    "type": "aws_instance",
                    "name": "ubuntu",
                    "index": 0,
                    "provider_name": "aws",
                    "schema_version": 1,
                    "values": {
                        "ami": "ami-2e1ef954",
                        "associate_public_ip_address": false,
                        "credit_specification": [],
                        "disable_api_termination": null,
                        "ebs_optimized": null,
                        "get_password_data": false,
                        "hibernation": null,
                        "iam_instance_profile": null,
                        "instance_initiated_shutdown_behavior": null,
                        "instance_type": "t2.micro",
                        "monitoring": null,
                        "source_dest_check": true,
                        "tags": {
                            "Name": "terraform-0.12-for-demo-0"
                        },
                        "timeouts": null,
                        "user_data": null,
                        "user_data_base64": null
                    }
                },
                {
                    "address": "aws_instance.ubuntu[1]",
                    "mode": "managed",
                    "type": "aws_instance",
                    "name": "ubuntu",
                    "index": 1,
                    "provider_name": "aws",
                    "schema_version": 1,
                    "values": {
                        "ami": "ami-2e1ef954",
                        "associate_public_ip_address": true,
                        "credit_specification": [],
                        "disable_api_termination": null,
                        "ebs_optimized": null,
                        "get_password_data": false,
                        "hibernation": null,
                        "iam_instance_profile": null,
                        "instance_initiated_shutdown_behavior": null,
                        "instance_type": "t2.micro",
                        "monitoring": null,
                        "source_dest_check": true,
                        "tags": {
                            "Name": "terraform-0.12-for-demo-1"
                        },
                        "timeouts": null,
                        "user_data": null,
                        "user_data_base64": null
                    }
                },
                {
                    "address": "aws_instance.ubuntu[2]",
                    "mode": "managed",
                    "type": "aws_instance",
                    "name": "ubuntu",
                    "index": 2,
                    "provider_name": "aws",
                    "schema_version": 1,
                    "values": {
                        "ami": "ami-2e1ef954",
                        "associate_public_ip_address": false,
                        "credit_specification": [],
                        "disable_api_termination": null,
                        "ebs_optimized": null,
                        "get_password_data": false,
                        "hibernation": null,
                        "iam_instance_profile": null,
                        "instance_initiated_shutdown_behavior": null,
                        "instance_type": "t2.micro",
                        "monitoring": null,
                        "source_dest_check": true,
                        "tags": {
                            "Name": "terraform-0.12-for-demo-2"
                        },
                        "timeouts": null,
                        "user_data": null,
                        "user_data_base64": null
                    }
                },
                {
                    "address": "aws_s3_bucket.foo",
                    "mode": "managed",
                    "type": "aws_s3_bucket",
                    "name": "foo",
                    "provider_name": "aws",
                    "schema_version": 0,
                    "values": {
                        "acl": "public-read-write",
                        "bucket": "foo_name",
                        "bucket_prefix": null,
                        "cors_rule": [],
                        "force_destroy": false,
                        "grant": [],
                        "lifecycle_rule": [],
                        "logging": [
                            {
                                "target_prefix": "log/"
                            }
                        ],
                        "object_lock_configuration": [],
                        "policy": null,
                        "replication_configuration": [],
                        "server_side_encryption_configuration": [],
                        "tags": null,
                        "versioning": [
                            {
                                "enabled": false,
                                "mfa_delete": false
                            }
                        ],
                        "website": []
                    }
                },
                {
                    "address": "aws_s3_bucket.log_bucket",
                    "mode": "managed",
                    "type": "aws_s3_bucket",
                    "name": "log_bucket",
                    "provider_name": "aws",
                    "schema_version": 0,
                    "values": {
                        "acl": "log-delivery-write",
                        "bucket": "my-tf-log-bucket",
                        "bucket_prefix": null,
                        "cors_rule": [],
                        "force_destroy": false,
                        "grant": [],
                        "lifecycle_rule": [],
                        "logging": [],
                        "object_lock_configuration": [],
                        "policy": null,
                        "replication_configuration": [],
                        "server_side_encryption_configuration": [],
                        "tags": null,
                        "website": []
                    }
                },
                {
                    "address": "aws_s3_bucket.publics3",
                    "mode": "managed",
                    "type": "aws_s3_bucket",
                    "name": "publics3",
                    "provider_name": "aws",
                    "schema_version": 0,
                    "values": {
                        "acl": "public-read-write",
                        "bucket": "publics3",
                        "bucket_prefix": null,
                        "cors_rule": [],
                        "force_destroy": false,
                        "grant": [],
                        "lifecycle_rule": [],
                        "logging": [],
                        "object_lock_configuration": [],
                        "policy": null,
                        "replication_configuration": [],
                        "server_side_encryption_configuration": [],
                        "tags": null,
                        "website": []
                    }
                },
                {
                    "address": "aws_subnet.my_subnet",
                    "mode": "managed",
                    "type": "aws_subnet",
                    "name": "my_subnet",
                    "provider_name": "aws",
                    "schema_version": 1,
                    "values": {
                        "assign_ipv6_address_on_creation": false,
                        "availability_zone": "us-east-1a",
                        "cidr_block": "172.16.10.0/24",
                        "ipv6_cidr_block": null,
                        "map_public_ip_on_launch": false,
                        "outpost_arn": null,
                        "tags": {
                            "Name": "tf-0.12-for-example"
                        },
                        "timeouts": null
                    }
                },
                {
                    "address": "aws_vpc.my_vpc",
                    "mode": "managed",
                    "type": "aws_vpc",
                    "name": "my_vpc",
                    "provider_name": "aws",
                    "schema_version": 1,
                    "values": {
                        "assign_generated_ipv6_cidr_block": false,
                        "cidr_block": "172.16.0.0/16",
                        "enable_dns_support": true,
                        "instance_tenancy": "default",
                        "tags": {
                            "Name": "tf-0.12-for-example"
                        }
                    }
                }
            ]
        }
    },
    "resource_changes": [
        {
            "address": "aws_instance.ubuntu[0]",
            "mode": "managed",
            "type": "aws_instance",
            "name": "ubuntu",
            "index": 0,
            "provider_name": "aws",
            "change": {
                "actions": [
                    "create"
                ],
                "before": null,
                "after": {
                    "ami": "ami-2e1ef954",
                    "associate_public_ip_address": false,
                    "credit_specification": [],
                    "disable_api_termination": null,
                    "ebs_optimized": null,
                    "get_password_data": false,
                    "hibernation": null,
                    "iam_instance_profile": null,
                    "instance_initiated_shutdown_behavior": null,
                    "instance_type": "t2.micro",
                    "monitoring": null,
                    "source_dest_check": true,
                    "tags": {
                        "Name": "terraform-0.12-for-demo-0"
                    },
                    "timeouts": null,
                    "user_data": null,
                    "user_data_base64": null
                },
                "after_unknown": {
                    "arn": true,
                    "availability_zone": true,
                    "cpu_core_count": true,
                    "cpu_threads_per_core": true,
                    "credit_specification": [],
                    "ebs_block_device": true,
                    "ephemeral_block_device": true,
                    "host_id": true,
                    "id": true,
                    "instance_state": true,
                    "ipv6_address_count": true,
                    "ipv6_addresses": true,
                    "key_name": true,
                    "metadata_options": true,
                    "network_interface": true,
                    "outpost_arn": true,
                    "password_data": true,
                    "placement_group": true,
                    "primary_network_interface_id": true,
                    "private_dns": true,
                    "private_ip": true,
                    "public_dns": true,
                    "public_ip": true,
                    "root_block_device": true,
                    "secondary_private_ips": true,
                    "security_groups": true,
                    "subnet_id": true,
                    "tags": {},
                    "tenancy": true,
                    "volume_tags": true,
                    "vpc_security_group_ids": true
                }
            }
        },
        {
            "address": "aws_instance.ubuntu[1]",
            "mode": "managed",
            "type": "aws_instance",
            "name": "ubuntu",
            "index": 1,
            "provider_name": "aws",
            "change": {
                "actions": [
                    "create"
                ],
                "before": null,
                "after": {
                    "ami": "ami-2e1ef954",
                    "associate_public_ip_address": true,
                    "credit_specification": [],
                    "disable_api_termination": null,
                    "ebs_optimized": null,
                    "get_password_data": false,
                    "hibernation": null,
                    "iam_instance_profile": null,
                    "instance_initiated_shutdown_behavior": null,
                    "instance_type": "t2.micro",
                    "monitoring": null,
                    "source_dest_check": true,
                    "tags": {
                        "Name": "terraform-0.12-for-demo-1"
                    },
                    "timeouts": null,
                    "user_data": null,
                    "user_data_base64": null
                },
                "after_unknown": {
                    "arn": true,
                    "availability_zone": true,
                    "cpu_core_count": true,
                    "cpu_threads_per_core": true,
                    "credit_specification": [],
                    "ebs_block_device": true,
                    "ephemeral_block_device": true,
                    "host_id": true,
                    "id": true,
                    "instance_state": true,
                    "ipv6_address_count": true,
                    "ipv6_addresses": true,
                    "key_name": true,
                    "metadata_options": true,
                    "network_interface": true,
                    "outpost_arn": true,
                    "password_data": true,
                    "placement_group": true,
                    "primary_network_interface_id": true,
                    "private_dns": true,
                    "private_ip": true,
                    "public_dns": true,
                    "public_ip": true,
                    "root_block_device": true,
                    "secondary_private_ips": true,
                    "security_groups": true,
                    "subnet_id": true,
                    "tags": {},
                    "tenancy": true,
                    "volume_tags": true,
                    "vpc_security_group_ids": true
                }
            }
        },
        {
            "address": "aws_instance.ubuntu[2]",
            "mode": "managed",
            "type": "aws_instance",
            "name": "ubuntu",
            "index": 2,
            "provider_name": "aws",
            "change": {
                "actions": [
                    "create"
                ],
                "before": null,
                "after": {
                    "ami": "ami-2e1ef954",
                    "associate_public_ip_address": false,
                    "credit_specification": [],
                    "disable_api_termination": null,
                    "ebs_optimized": null,
                    "get_password_data": false,
                    "hibernation": null,
                    "iam_instance_profile": null,
                    "instance_initiated_shutdown_behavior": null,
                    "instance_type": "t2.micro",
                    "monitoring": null,
                    "source_dest_check": true,
                    "tags": {
                        "Name": "terraform-0.12-for-demo-2"
                    },
                    "timeouts": null,
                    "user_data": null,
                    "user_data_base64": null
                },
                "after_unknown": {
                    "arn": true,
                    "availability_zone": true,
                    "cpu_core_count": true,
                    "cpu_threads_per_core": true,
                    "credit_specification": [],
                    "ebs_block_device": true,
                    "ephemeral_block_device": true,
                    "host_id": true,
                    "id": true,
                    "instance_state": true,
                    "ipv6_address_count": true,
                    "ipv6_addresses": true,
                    "key_name": true,
                    "metadata_options": true,
                    "network_interface": true,
                    "outpost_arn": true,
                    "password_data": true,
                    "placement_group": true,
                    "primary_network_interface_id": true,
                    "private_dns": true,
                    "private_ip": true,
                    "public_dns": true,
                    "public_ip": true,
                    "root_block_device": true,
                    "secondary_private_ips": true,
                    "security_groups": true,
                    "subnet_id": true,
                    "tags": {},
                    "tenancy": true,
                    "volume_tags": true,
                    "vpc_security_group_ids": true
                }
            }
        },
        {
            "address": "aws_s3_bucket.foo",
            "mode": "managed",
            "type": "aws_s3_bucket",
            "name": "foo",
            "provider_name": "aws",
            "change": {
                "actions": [
                    "create"
                ],
                "before": null,
                "after": {
                    "acl": "public-read-write",
                    "bucket": "foo_name",
                    "bucket_prefix": null,
                    "cors_rule": [],
                    "force_destroy": false,
                    "grant": [],
                    "lifecycle_rule": [],
                    "logging": [
                        {
                            "target_prefix": "log/"
                        }
                    ],
                    "object_lock_configuration": [],
                    "policy": null,
                    "replication_configuration": [],
                    "server_side_encryption_configuration": [],
                    "tags": null,
                    "versioning": [
                        {
                            "enabled": false,
                            "mfa_delete": false
                        }
                    ],
                    "website": []
                },
                "after_unknown": {
                    "acceleration_status": true,
                    "arn": true,
                    "bucket_domain_name": true,
                    "bucket_regional_domain_name": true,
                    "cors_rule": [],
                    "grant": [],
                    "hosted_zone_id": true,
                    "id": true,
                    "lifecycle_rule": [],
                    "logging": [
                        {
                            "target_bucket": true
                        }
                    ],
                    "object_lock_configuration": [],
                    "region": true,
                    "replication_configuration": [],
                    "request_payer": true,
                    "server_side_encryption_configuration": [],
                    "versioning": [
                        {}
                    ],
                    "website": [],
                    "website_domain": true,
                    "website_endpoint": true
                }
            }
        },
        {
            "address": "aws_s3_bucket.log_bucket",
            "mode": "managed",
            "type": "aws_s3_bucket",
            "name": "log_bucket",
            "provider_name": "aws",
            "change": {
                "actions": [
                    "create"
                ],
                "before": null,
                "after": {
                    "acl": "log-delivery-write",
                    "bucket": "my-tf-log-bucket",
                    "bucket_prefix": null,
                    "cors_rule": [],
                    "force_destroy": false,
                    "grant": [],
                    "lifecycle_rule": [],
                    "logging": [],
                    "object_lock_configuration": [],
                    "policy": null,
                    "replication_configuration": [],
                    "server_side_encryption_configuration": [],
                    "tags": null,
                    "website": []
                },
                "after_unknown": {
                    "acceleration_status": true,
                    "arn": true,
                    "bucket_domain_name": true,
                    "bucket_regional_domain_name": true,
                    "cors_rule": [],
                    "grant": [],
                    "hosted_zone_id": true,
                    "id": true,
                    "lifecycle_rule": [],
                    "logging": [],
                    "object_lock_configuration": [],
                    "region": true,
                    "replication_configuration": [],
                    "request_payer": true,
                    "server_side_encryption_configuration": [],
                    "versioning": true,
                    "website": [],
                    "website_domain": true,
                    "website_endpoint": true
                }
            }
        },
        {
            "address": "aws_s3_bucket.publics3",
            "mode": "managed",
            "type": "aws_s3_bucket",
            "name": "publics3",
            "provider_name": "aws",
            "change": {
                "actions": [
                    "create"
                ],
                "before": null,
                "after": {
                    "acl": "public-read-write",
                    "bucket": "publics3",
                    "bucket_prefix": null,
                    "cors_rule": [],
                    "force_destroy": false,
                    "grant": [],
                    "lifecycle_rule": [],
                    "logging": [],
                    "object_lock_configuration": [],
                    "policy": null,
                    "replication_configuration": [],
                    "server_side_encryption_configuration": [],
                    "tags": null,
                    "website": []
                },
                "after_unknown": {
                    "acceleration_status": true,
                    "arn": true,
                    "bucket_domain_name": true,
                    "bucket_regional_domain_name": true,
                    "cors_rule": [],
                    "grant": [],
                    "hosted_zone_id": true,
                    "id": true,
                    "lifecycle_rule": [],
                    "logging": [],
                    "object_lock_configuration": [],
                    "region": true,
                    "replication_configuration": [],
                    "request_payer": true,
                    "server_side_encryption_configuration": [],
                    "versioning": true,
                    "website": [],
                    "website_domain": true,
                    "website_endpoint": true
                }
            }
        },
        {
            "address": "aws_subnet.my_subnet",
            "mode": "managed",
            "type": "aws_subnet",
            "name": "my_subnet",
            "provider_name": "aws",
            "change": {
                "actions": [
                    "create"
                ],
                "before": null,
                "after": {
                    "assign_ipv6_address_on_creation": false,
                    "availability_zone": "us-east-1a",
                    "cidr_block": "172.16.10.0/24",
                    "ipv6_cidr_block": null,
                    "map_public_ip_on_launch": false,
                    "outpost_arn": null,
                    "tags": {
                        "Name": "tf-0.12-for-example"
                    },
                    "timeouts": null
                },
                "after_unknown": {
                    "arn": true,
                    "availability_zone_id": true,
                    "id": true,
                    "ipv6_cidr_block_association_id": true,
                    "owner_id": true,
                    "tags": {},
                    "vpc_id": true
                }
            }
        },
        {
            "address": "aws_vpc.my_vpc",
            "mode": "managed",
            "type": "aws_vpc",
            "name": "my_vpc",
            "provider_name": "aws",
            "change": {
                "actions": [
                    "create"
                ],
                "before": null,
                "after": {
                    "assign_generated_ipv6_cidr_block": false,
                    "cidr_block": "172.16.0.0/16",
                    "enable_dns_support": true,
                    "instance_tenancy": "default",
                    "tags": {
                        "Name": "tf-0.12-for-example"
                    }
                },
                "after_unknown": {
                    "arn": true,
                    "default_network_acl_id": true,
                    "default_route_table_id": true,
                    "default_security_group_id": true,
                    "dhcp_options_id": true,
                    "enable_classiclink": true,
                    "enable_classiclink_dns_support": true,
                    "enable_dns_hostnames": true,
                    "id": true,
                    "ipv6_association_id": true,
                    "ipv6_cidr_block": true,
                    "main_route_table_id": true,
                    "owner_id": true,
                    "tags": {}
                }
            }
        }
    ],
    "output_changes": {
        "ips": {
            "actions": [
                "create"
            ],
            "before": null,
            "after_unknown": true
        },
        "private_addresses_new": {
            "actions": [
                "create"
            ],
            "before": null,
            "after_unknown": true
        },
        "private_addresses_old": {
            "actions": [
                "create"
            ],
            "before": null,
            "after_unknown": true
        }
    },
    "configuration": {
        "provider_config": {
            "aws.p89": {
                "name": "aws",
                "alias": "p89"
            }
        },
        "root_module": {
            "outputs": {
                "ips": {
                    "expression": {
                        "references": [
                            "aws_instance.ubuntu"
                        ]
                    }
                },
                "private_addresses_new": {
                    "expression": {
                        "references": [
                            "aws_instance.ubuntu"
                        ]
                    }
                },
                "private_addresses_old": {
                    "expression": {
                        "references": [
                            "aws_instance.ubuntu"
                        ]
                    }
                }
            },
            "resources": [
                {
                    "address": "aws_instance.ubuntu",
                    "mode": "managed",
                    "type": "aws_instance",
                    "name": "ubuntu",
                    "provider_config_key": "aws",
                    "expressions": {
                        "ami": {
                            "constant_value": "ami-2e1ef954"
                        },
                        "associate_public_ip_address": {
                            "references": [
                                "count.index"
                            ]
                        },
                        "instance_type": {
                            "constant_value": "t2.micro"
                        },
                        "subnet_id": {
                            "references": [
                                "aws_subnet.my_subnet"
                            ]
                        },
                        "tags": {
                            "references": [
                                "count.index"
                            ]
                        }
                    },
                    "schema_version": 1,
                    "count_expression": {
                        "constant_value": 3
                    }
                },
                {
                    "address": "aws_s3_bucket.foo",
                    "mode": "managed",
                    "type": "aws_s3_bucket",
                    "name": "foo",
                    "provider_config_key": "aws",
                    "expressions": {
                        "acl": {
                            "constant_value": "public-read-write"
                        },
                        "bucket": {
                            "constant_value": "foo_name"
                        },
                        "logging": [
                            {
                                "target_bucket": {
                                    "references": [
                                        "aws_s3_bucket.log_bucket"
                                    ]
                                },
                                "target_prefix": {
                                    "constant_value": "log/"
                                }
                            }
                        ],
                        "versioning": [
                            {
                                "enabled": {
                                    "constant_value": false
                                }
                            }
                        ]
                    },
                    "schema_version": 0
                },
                {
                    "address": "aws_s3_bucket.log_bucket",
                    "mode": "managed",
                    "type": "aws_s3_bucket",
                    "name": "log_bucket",
                    "provider_config_key": "aws",
                    "expressions": {
                        "acl": {
                            "constant_value": "log-delivery-write"
                        },
                        "bucket": {
                            "constant_value": "my-tf-log-bucket"
                        }
                    },
                    "schema_version": 0
                },
                {
                    "address": "aws_s3_bucket.publics3",
                    "mode": "managed",
                    "type": "aws_s3_bucket",
                    "name": "publics3",
                    "provider_config_key": "aws",
                    "expressions": {
                        "acl": {
                            "references": [
                                "var.check"
                            ]
                        },
                        "bucket": {
                            "constant_value": "publics3"
                        }
                    },
                    "schema_version": 0
                },
                {
                    "address": "aws_subnet.my_subnet",
                    "mode": "managed",
                    "type": "aws_subnet",
                    "name": "my_subnet",
                    "provider_config_key": "aws",
                    "expressions": {
                        "availability_zone": {
                            "constant_value": "us-east-1a"
                        },
                        "cidr_block": {
                            "constant_value": "172.16.10.0/24"
                        },
                        "tags": {
                            "constant_value": {
                                "Name": "tf-0.12-for-example"
                            }
                        },
                        "vpc_id": {
                            "references": [
                                "aws_vpc.my_vpc"
                            ]
                        }
                    },
                    "schema_version": 1
                },
                {
                    "address": "aws_vpc.my_vpc",
                    "mode": "managed",
                    "type": "aws_vpc",
                    "name": "my_vpc",
                    "provider_config_key": "aws",
                    "expressions": {
                        "cidr_block": {
                            "constant_value": "172.16.0.0/16"
                        },
                        "tags": {
                            "constant_value": {
                                "Name": "tf-0.12-for-example"
                            }
                        }
                    },
                    "schema_version": 1
                }
            ],
            "variables": {
                "check": {}
            }
        }
    }
}
